
Microsoft Visual Studio Solution File, Format Version 12.00
# Visual Studio Version 17
VisualStudioVersion = 17.6.33723.286
MinimumVisualStudioVersion = 10.0.40219.1
Project("{9A19103F-16F7-4668-BE54-9A1E7A4F7556}") = "CleanArquitecture.Domain", "CleanArquitecture.Domain\CleanArquitecture.Domain.csproj", "{94B22236-0564-4889-823D-B4B9DA9A9C4E}"
EndProject
Project("{2150E333-8FDC-42A3-9474-1A3956D46DE8}") = "doc", "doc", "{130B9C81-2573-48C2-9B21-D1A4CB73BAE5}"
EndProject
Project("{2150E333-8FDC-42A3-9474-1A3956D46DE8}") = "src", "src", "{511FC646-9DE2-4A6B-8D9C-4EC354BD98FF}"
EndProject
Project("{2150E333-8FDC-42A3-9474-1A3956D46DE8}") = "test", "test", "{B9EB5A72-A802-4276-9476-43C9817988FD}"
EndProject
Project("{2150E333-8FDC-42A3-9474-1A3956D46DE8}") = "API", "API", "{6EAA3B0F-AE80-4E6D-B15E-5FEAC127EE2C}"
EndProject
Project("{2150E333-8FDC-42A3-9474-1A3956D46DE8}") = "Core", "Core", "{EA8F0557-9FF9-4693-A665-47328B882F80}"
EndProject
Project("{2150E333-8FDC-42A3-9474-1A3956D46DE8}") = "Infrastructure", "Infrastructure", "{38D58D39-F126-4564-831E-7CCF036BB288}"
EndProject
Project("{9A19103F-16F7-4668-BE54-9A1E7A4F7556}") = "CleanArquitecture.API", "CleanArquitecture.API\CleanArquitecture.API.csproj", "{9208E6F8-2714-4FFE-9B70-2F640A566509}"
EndProject
Project("{9A19103F-16F7-4668-BE54-9A1E7A4F7556}") = "CleanArquitecture.Infrastructure", "CleanArquitecture.Infrastructure\CleanArquitecture.Infrastructure.csproj", "{A0822011-44D9-4D75-A075-7A940D9A8199}"
EndProject
Project("{9A19103F-16F7-4668-BE54-9A1E7A4F7556}") = "CleanArquitecture.Application", "CleanArquitecture.Application\CleanArquitecture.Application.csproj", "{786322E4-89CF-49DA-9C55-7C026DECDE4A}"
EndProject
Project("{FAE04EC0-301F-11D3-BF4B-00C04F79EFBC}") = "CleanArquitecture.Identity", "CleanArquitecture.Identity\CleanArquitecture.Identity.csproj", "{E124601D-5FCC-4A0B-8F4C-551EC453A3B2}"
EndProject
Project("{FAE04EC0-301F-11D3-BF4B-00C04F79EFBC}") = "CleanArquitecture.Application.UnitTests", "CleanArquitecture.Application.UnitTests\CleanArquitecture.Application.UnitTests.csproj", "{1F89A2F4-6B1A-4800-AB8B-A289A86E6035}"
EndProject
Global
	GlobalSection(SolutionConfigurationPlatforms) = preSolution
		Debug|Any CPU = Debug|Any CPU
		Release|Any CPU = Release|Any CPU
	EndGlobalSection
	GlobalSection(ProjectConfigurationPlatforms) = postSolution
		{94B22236-0564-4889-823D-B4B9DA9A9C4E}.Debug|Any CPU.ActiveCfg = Debug|Any CPU
		{94B22236-0564-4889-823D-B4B9DA9A9C4E}.Debug|Any CPU.Build.0 = Debug|Any CPU
		{94B22236-0564-4889-823D-B4B9DA9A9C4E}.Release|Any CPU.ActiveCfg = Release|Any CPU
		{94B22236-0564-4889-823D-B4B9DA9A9C4E}.Release|Any CPU.Build.0 = Release|Any CPU
		{9208E6F8-2714-4FFE-9B70-2F640A566509}.Debug|Any CPU.ActiveCfg = Debug|Any CPU
		{9208E6F8-2714-4FFE-9B70-2F640A566509}.Debug|Any CPU.Build.0 = Debug|Any CPU
		{9208E6F8-2714-4FFE-9B70-2F640A566509}.Release|Any CPU.ActiveCfg = Release|Any CPU
		{9208E6F8-2714-4FFE-9B70-2F640A566509}.Release|Any CPU.Build.0 = Release|Any CPU
		{A0822011-44D9-4D75-A075-7A940D9A8199}.Debug|Any CPU.ActiveCfg = Debug|Any CPU
		{A0822011-44D9-4D75-A075-7A940D9A8199}.Debug|Any CPU.Build.0 = Debug|Any CPU
		{A0822011-44D9-4D75-A075-7A940D9A8199}.Release|Any CPU.ActiveCfg = Release|Any CPU
		{A0822011-44D9-4D75-A075-7A940D9A8199}.Release|Any CPU.Build.0 = Release|Any CPU
		{786322E4-89CF-49DA-9C55-7C026DECDE4A}.Debug|Any CPU.ActiveCfg = Debug|Any CPU
		{786322E4-89CF-49DA-9C55-7C026DECDE4A}.Debug|Any CPU.Build.0 = Debug|Any CPU
		{786322E4-89CF-49DA-9C55-7C026DECDE4A}.Release|Any CPU.ActiveCfg = Release|Any CPU
		{786322E4-89CF-49DA-9C55-7C026DECDE4A}.Release|Any CPU.Build.0 = Release|Any CPU
		{E124601D-5FCC-4A0B-8F4C-551EC453A3B2}.Debug|Any CPU.ActiveCfg = Debug|Any CPU
		{E124601D-5FCC-4A0B-8F4C-551EC453A3B2}.Debug|Any CPU.Build.0 = Debug|Any CPU
		{E124601D-5FCC-4A0B-8F4C-551EC453A3B2}.Release|Any CPU.ActiveCfg = Release|Any CPU
		{E124601D-5FCC-4A0B-8F4C-551EC453A3B2}.Release|Any CPU.Build.0 = Release|Any CPU
		{1F89A2F4-6B1A-4800-AB8B-A289A86E6035}.Debug|Any CPU.ActiveCfg = Debug|Any CPU
		{1F89A2F4-6B1A-4800-AB8B-A289A86E6035}.Debug|Any CPU.Build.0 = Debug|Any CPU
		{1F89A2F4-6B1A-4800-AB8B-A289A86E6035}.Release|Any CPU.ActiveCfg = Release|Any CPU
		{1F89A2F4-6B1A-4800-AB8B-A289A86E6035}.Release|Any CPU.Build.0 = Release|Any CPU
	EndGlobalSection
	GlobalSection(SolutionProperties) = preSolution
		HideSolutionNode = FALSE
	EndGlobalSection
	GlobalSection(NestedProjects) = preSolution
		{94B22236-0564-4889-823D-B4B9DA9A9C4E} = {EA8F0557-9FF9-4693-A665-47328B882F80}
		{6EAA3B0F-AE80-4E6D-B15E-5FEAC127EE2C} = {511FC646-9DE2-4A6B-8D9C-4EC354BD98FF}
		{EA8F0557-9FF9-4693-A665-47328B882F80} = {511FC646-9DE2-4A6B-8D9C-4EC354BD98FF}
		{38D58D39-F126-4564-831E-7CCF036BB288} = {511FC646-9DE2-4A6B-8D9C-4EC354BD98FF}
		{9208E6F8-2714-4FFE-9B70-2F640A566509} = {6EAA3B0F-AE80-4E6D-B15E-5FEAC127EE2C}
		{A0822011-44D9-4D75-A075-7A940D9A8199} = {38D58D39-F126-4564-831E-7CCF036BB288}
		{786322E4-89CF-49DA-9C55-7C026DECDE4A} = {EA8F0557-9FF9-4693-A665-47328B882F80}
		{E124601D-5FCC-4A0B-8F4C-551EC453A3B2} = {38D58D39-F126-4564-831E-7CCF036BB288}
		{1F89A2F4-6B1A-4800-AB8B-A289A86E6035} = {B9EB5A72-A802-4276-9476-43C9817988FD}
	EndGlobalSection
	GlobalSection(ExtensibilityGlobals) = postSolution
		SolutionGuid = {8BD1922F-4E35-40BE-B116-CCA3F54863B9}
	EndGlobalSection
EndGlobal
